
Microsoft Visual Studio Solution File, Format Version 12.00
# Visual Studio Version 16
VisualStudioVersion = 16.0.30523.141
MinimumVisualStudioVersion = 10.0.40219.1
Project("{FAE04EC0-301F-11D3-BF4B-00C04F79EFBC}") = "Erudio", "Erudio\Erudio.csproj", "{134EBD10-C028-4A02-AC5C-D19FC42A3FC1}"
EndProject
Global
	GlobalSection(SolutionConfigurationPlatforms) = preSolution
		Debug|Any CPU = Debug|Any CPU
		Release|Any CPU = Release|Any CPU
	EndGlobalSection
	GlobalSection(ProjectConfigurationPlatforms) = postSolution
		{134EBD10-C028-4A02-AC5C-D19FC42A3FC1}.Debug|Any CPU.ActiveCfg = Debug|Any CPU
		{134EBD10-C028-4A02-AC5C-D19FC42A3FC1}.Debug|Any CPU.Build.0 = Debug|Any CPU
		{134EBD10-C028-4A02-AC5C-D19FC42A3FC1}.Release|Any CPU.ActiveCfg = Release|Any CPU
		{134EBD10-C028-4A02-AC5C-D19FC42A3FC1}.Release|Any CPU.Build.0 = Release|Any CPU
	EndGlobalSection
	GlobalSection(SolutionProperties) = preSolution
		HideSolutionNode = FALSE
	EndGlobalSection
	GlobalSection(ExtensibilityGlobals) = postSolution
		SolutionGuid = {CB4552F7-D520-449D-A8AA-D8780F5454A7}
	EndGlobalSection
EndGlobal
